
Microsoft Visual Studio Solution File, Format Version 12.00
# Visual Studio Version 17
VisualStudioVersion = 17.4.33403.182
MinimumVisualStudioVersion = 10.0.40219.1
Project("{9A19103F-16F7-4668-BE54-9A1E7A4F7556}") = "AvaloniaApplication1", "AvaloniaApplication1\AvaloniaApplication1.csproj", "{74111F25-612F-4897-A0EC-23EEFB95115B}"
	ProjectSection(ProjectDependencies) = postProject
		{99618C2D-85AB-48E3-BA10-FBA22BFC9B51} = {99618C2D-85AB-48E3-BA10-FBA22BFC9B51}
	EndProjectSection
EndProject
Project("{9A19103F-16F7-4668-BE54-9A1E7A4F7556}") = "ViewLibrary", "ViewLibrary\ViewLibrary.csproj", "{F8987000-6243-440F-95A5-50B9EE42FA7F}"
EndProject
Project("{9A19103F-16F7-4668-BE54-9A1E7A4F7556}") = "ViewModelLibraries", "ViewModelLibraries\ViewModelLibraries.csproj", "{99618C2D-85AB-48E3-BA10-FBA22BFC9B51}"
EndProject
Project("{FAE04EC0-301F-11D3-BF4B-00C04F79EFBC}") = "ResourseLibrary", "ResourseLibrary\ResourseLibrary.csproj", "{20C78AAE-1386-46C0-AE58-3D8CA3548B01}"
EndProject
Global
	GlobalSection(SolutionConfigurationPlatforms) = preSolution
		Debug|Any CPU = Debug|Any CPU
		Release|Any CPU = Release|Any CPU
	EndGlobalSection
	GlobalSection(ProjectConfigurationPlatforms) = postSolution
		{74111F25-612F-4897-A0EC-23EEFB95115B}.Debug|Any CPU.ActiveCfg = Debug|Any CPU
		{74111F25-612F-4897-A0EC-23EEFB95115B}.Debug|Any CPU.Build.0 = Debug|Any CPU
		{74111F25-612F-4897-A0EC-23EEFB95115B}.Release|Any CPU.ActiveCfg = Release|Any CPU
		{74111F25-612F-4897-A0EC-23EEFB95115B}.Release|Any CPU.Build.0 = Release|Any CPU
		{F8987000-6243-440F-95A5-50B9EE42FA7F}.Debug|Any CPU.ActiveCfg = Debug|Any CPU
		{F8987000-6243-440F-95A5-50B9EE42FA7F}.Debug|Any CPU.Build.0 = Debug|Any CPU
		{F8987000-6243-440F-95A5-50B9EE42FA7F}.Release|Any CPU.ActiveCfg = Release|Any CPU
		{F8987000-6243-440F-95A5-50B9EE42FA7F}.Release|Any CPU.Build.0 = Release|Any CPU
		{99618C2D-85AB-48E3-BA10-FBA22BFC9B51}.Debug|Any CPU.ActiveCfg = Debug|Any CPU
		{99618C2D-85AB-48E3-BA10-FBA22BFC9B51}.Debug|Any CPU.Build.0 = Debug|Any CPU
		{99618C2D-85AB-48E3-BA10-FBA22BFC9B51}.Release|Any CPU.ActiveCfg = Release|Any CPU
		{99618C2D-85AB-48E3-BA10-FBA22BFC9B51}.Release|Any CPU.Build.0 = Release|Any CPU
		{20C78AAE-1386-46C0-AE58-3D8CA3548B01}.Debug|Any CPU.ActiveCfg = Debug|Any CPU
		{20C78AAE-1386-46C0-AE58-3D8CA3548B01}.Debug|Any CPU.Build.0 = Debug|Any CPU
		{20C78AAE-1386-46C0-AE58-3D8CA3548B01}.Release|Any CPU.ActiveCfg = Release|Any CPU
		{20C78AAE-1386-46C0-AE58-3D8CA3548B01}.Release|Any CPU.Build.0 = Release|Any CPU
	EndGlobalSection
	GlobalSection(SolutionProperties) = preSolution
		HideSolutionNode = FALSE
	EndGlobalSection
	GlobalSection(ExtensibilityGlobals) = postSolution
		SolutionGuid = {769F6F82-295A-4154-9042-0CB603D72F61}
	EndGlobalSection
EndGlobal
